
Microsoft Visual Studio Solution File, Format Version 12.00
Project("{FAE04EC0-301F-11D3-BF4B-00C04F79EFBC}") = "CS495-Capstone-Puma", "CS495-Capstone-Puma\CS495-Capstone-Puma.csproj", "{BB54E892-A262-424E-BEFE-13AD1F5E75C1}"
EndProject
Project("{FAE04EC0-301F-11D3-BF4B-00C04F79EFBC}") = "CS495-Capstone-Puma.UnitTests", "CS495-Capstone-Puma.UnitTests\CS495-Capstone-Puma.UnitTests.csproj", "{091298F2-1528-499D-8805-B4D54F4B9242}"
EndProject
Global
	GlobalSection(SolutionConfigurationPlatforms) = preSolution
		Debug|Any CPU = Debug|Any CPU
		Release|Any CPU = Release|Any CPU
	EndGlobalSection
	GlobalSection(ProjectConfigurationPlatforms) = postSolution
		{BB54E892-A262-424E-BEFE-13AD1F5E75C1}.Debug|Any CPU.ActiveCfg = Debug|Any CPU
		{BB54E892-A262-424E-BEFE-13AD1F5E75C1}.Debug|Any CPU.Build.0 = Debug|Any CPU
		{BB54E892-A262-424E-BEFE-13AD1F5E75C1}.Release|Any CPU.ActiveCfg = Release|Any CPU
		{BB54E892-A262-424E-BEFE-13AD1F5E75C1}.Release|Any CPU.Build.0 = Release|Any CPU
		{091298F2-1528-499D-8805-B4D54F4B9242}.Debug|Any CPU.ActiveCfg = Debug|Any CPU
		{091298F2-1528-499D-8805-B4D54F4B9242}.Debug|Any CPU.Build.0 = Debug|Any CPU
		{091298F2-1528-499D-8805-B4D54F4B9242}.Release|Any CPU.ActiveCfg = Release|Any CPU
		{091298F2-1528-499D-8805-B4D54F4B9242}.Release|Any CPU.Build.0 = Release|Any CPU
	EndGlobalSection
EndGlobal
